
Microsoft Visual Studio Solution File, Format Version 12.00
# Visual Studio 15
VisualStudioVersion = 15.0.27130.2027
MinimumVisualStudioVersion = 10.0.40219.1
Project("{9A19103F-16F7-4668-BE54-9A1E7A4F7556}") = "Problem 2. Manipulate Array", "Problem 2. Manipulate Array.csproj", "{24A08386-5210-4DBA-AA5B-C91CD321EC36}"
EndProject
Global
	GlobalSection(SolutionConfigurationPlatforms) = preSolution
		Debug|Any CPU = Debug|Any CPU
		Release|Any CPU = Release|Any CPU
	EndGlobalSection
	GlobalSection(ProjectConfigurationPlatforms) = postSolution
		{24A08386-5210-4DBA-AA5B-C91CD321EC36}.Debug|Any CPU.ActiveCfg = Debug|Any CPU
		{24A08386-5210-4DBA-AA5B-C91CD321EC36}.Debug|Any CPU.Build.0 = Debug|Any CPU
		{24A08386-5210-4DBA-AA5B-C91CD321EC36}.Release|Any CPU.ActiveCfg = Release|Any CPU
		{24A08386-5210-4DBA-AA5B-C91CD321EC36}.Release|Any CPU.Build.0 = Release|Any CPU
	EndGlobalSection
	GlobalSection(SolutionProperties) = preSolution
		HideSolutionNode = FALSE
	EndGlobalSection
	GlobalSection(ExtensibilityGlobals) = postSolution
		SolutionGuid = {28C95E75-99AA-415A-BE2D-35649DB4DD07}
	EndGlobalSection
EndGlobal
